
Microsoft Visual Studio Solution File, Format Version 12.00
# Visual Studio 14
VisualStudioVersion = 14.0.25420.1
MinimumVisualStudioVersion = 10.0.40219.1
Project("{FAE04EC0-301F-11D3-BF4B-00C04F79EFBC}") = "SignalProcessingApp", "SignalProcessingApp\SignalProcessingApp.csproj", "{559EEA65-B4E6-4AFA-8845-6EAF0DC04CFA}"
EndProject
Global
	GlobalSection(SolutionConfigurationPlatforms) = preSolution
		Debug|Any CPU = Debug|Any CPU
		Release|Any CPU = Release|Any CPU
	EndGlobalSection
	GlobalSection(ProjectConfigurationPlatforms) = postSolution
		{559EEA65-B4E6-4AFA-8845-6EAF0DC04CFA}.Debug|Any CPU.ActiveCfg = Debug|Any CPU
		{559EEA65-B4E6-4AFA-8845-6EAF0DC04CFA}.Debug|Any CPU.Build.0 = Debug|Any CPU
		{559EEA65-B4E6-4AFA-8845-6EAF0DC04CFA}.Release|Any CPU.ActiveCfg = Release|Any CPU
		{559EEA65-B4E6-4AFA-8845-6EAF0DC04CFA}.Release|Any CPU.Build.0 = Release|Any CPU
	EndGlobalSection
	GlobalSection(SolutionProperties) = preSolution
		HideSolutionNode = FALSE
	EndGlobalSection
EndGlobal
